{
  "lockfileVersion": 1,
  "workspaces": {
    "": {
      "name": "weather",
      "dependencies": {
        "@napi-rs/canvas": "^0.1.80",
        "fast-xml-parser": "^5.3.0",
      },
      "devDependencies": {
        "@types/bun": "latest",
        "@types/firefox-webext-browser": "^120.0.5",
        "typescript": "^5.5.0",
      },
    },
  },
  "packages": {
    "@napi-rs/canvas": ["@napi-rs/canvas@0.1.80", "", { "optionalDependencies": { "@napi-rs/canvas-android-arm64": "0.1.80", "@napi-rs/canvas-darwin-arm64": "0.1.80", "@napi-rs/canvas-darwin-x64": "0.1.80", "@napi-rs/canvas-linux-arm-gnueabihf": "0.1.80", "@napi-rs/canvas-linux-arm64-gnu": "0.1.80", "@napi-rs/canvas-linux-arm64-musl": "0.1.80", "@napi-rs/canvas-linux-riscv64-gnu": "0.1.80", "@napi-rs/canvas-linux-x64-gnu": "0.1.80", "@napi-rs/canvas-linux-x64-musl": "0.1.80", "@napi-rs/canvas-win32-x64-msvc": "0.1.80" } }, "sha512-DxuT1ClnIPts1kQx8FBmkk4BQDTfI5kIzywAaMjQSXfNnra5UFU9PwurXrl+Je3bJ6BGsp/zmshVVFbCmyI+ww=="],

    "@napi-rs/canvas-android-arm64": ["@napi-rs/canvas-android-arm64@0.1.80", "", { "os": "android", "cpu": "arm64" }, "sha512-sk7xhN/MoXeuExlggf91pNziBxLPVUqF2CAVnB57KLG/pz7+U5TKG8eXdc3pm0d7Od0WreB6ZKLj37sX9muGOQ=="],

    "@napi-rs/canvas-darwin-arm64": ["@napi-rs/canvas-darwin-arm64@0.1.80", "", { "os": "darwin", "cpu": "arm64" }, "sha512-O64APRTXRUiAz0P8gErkfEr3lipLJgM6pjATwavZ22ebhjYl/SUbpgM0xcWPQBNMP1n29afAC/Us5PX1vg+JNQ=="],

    "@napi-rs/canvas-darwin-x64": ["@napi-rs/canvas-darwin-x64@0.1.80", "", { "os": "darwin", "cpu": "x64" }, "sha512-FqqSU7qFce0Cp3pwnTjVkKjjOtxMqRe6lmINxpIZYaZNnVI0H5FtsaraZJ36SiTHNjZlUB69/HhxNDT1Aaa9vA=="],

    "@napi-rs/canvas-linux-arm-gnueabihf": ["@napi-rs/canvas-linux-arm-gnueabihf@0.1.80", "", { "os": "linux", "cpu": "arm" }, "sha512-eyWz0ddBDQc7/JbAtY4OtZ5SpK8tR4JsCYEZjCE3dI8pqoWUC8oMwYSBGCYfsx2w47cQgQCgMVRVTFiiO38hHQ=="],

    "@napi-rs/canvas-linux-arm64-gnu": ["@napi-rs/canvas-linux-arm64-gnu@0.1.80", "", { "os": "linux", "cpu": "arm64" }, "sha512-qwA63t8A86bnxhuA/GwOkK3jvb+XTQaTiVML0vAWoHyoZYTjNs7BzoOONDgTnNtr8/yHrq64XXzUoLqDzU+Uuw=="],

    "@napi-rs/canvas-linux-arm64-musl": ["@napi-rs/canvas-linux-arm64-musl@0.1.80", "", { "os": "linux", "cpu": "arm64" }, "sha512-1XbCOz/ymhj24lFaIXtWnwv/6eFHXDrjP0jYkc6iHQ9q8oXKzUX1Lc6bu+wuGiLhGh2GS/2JlfORC5ZcXimRcg=="],

    "@napi-rs/canvas-linux-riscv64-gnu": ["@napi-rs/canvas-linux-riscv64-gnu@0.1.80", "", { "os": "linux", "cpu": "none" }, "sha512-XTzR125w5ZMs0lJcxRlS1K3P5RaZ9RmUsPtd1uGt+EfDyYMu4c6SEROYsxyatbbu/2+lPe7MPHOO/0a0x7L/gw=="],

    "@napi-rs/canvas-linux-x64-gnu": ["@napi-rs/canvas-linux-x64-gnu@0.1.80", "", { "os": "linux", "cpu": "x64" }, "sha512-BeXAmhKg1kX3UCrJsYbdQd3hIMDH/K6HnP/pG2LuITaXhXBiNdh//TVVVVCBbJzVQaV5gK/4ZOCMrQW9mvuTqA=="],

    "@napi-rs/canvas-linux-x64-musl": ["@napi-rs/canvas-linux-x64-musl@0.1.80", "", { "os": "linux", "cpu": "x64" }, "sha512-x0XvZWdHbkgdgucJsRxprX/4o4sEed7qo9rCQA9ugiS9qE2QvP0RIiEugtZhfLH3cyI+jIRFJHV4Fuz+1BHHMg=="],

    "@napi-rs/canvas-win32-x64-msvc": ["@napi-rs/canvas-win32-x64-msvc@0.1.80", "", { "os": "win32", "cpu": "x64" }, "sha512-Z8jPsM6df5V8B1HrCHB05+bDiCxjE9QA//3YrkKIdVDEwn5RKaqOxCJDRJkl48cJbylcrJbW4HxZbTte8juuPg=="],

    "@types/bun": ["@types/bun@1.2.22", "", { "dependencies": { "bun-types": "1.2.22" } }, "sha512-5A/KrKos2ZcN0c6ljRSOa1fYIyCKhZfIVYeuyb4snnvomnpFqC0tTsEkdqNxbAgExV384OETQ//WAjl3XbYqQA=="],

    "@types/firefox-webext-browser": ["@types/firefox-webext-browser@120.0.5", "", {}, "sha512-imn8ecga0HQWcOSvxy9i0lD+7vpHgkj1NVLvXS1lNHqHt03Z4QwazeEdoWe+C9JXpmVyKiRanb+z9D/w001tRg=="],

    "@types/node": ["@types/node@24.5.2", "", { "dependencies": { "undici-types": "~7.12.0" } }, "sha512-FYxk1I7wPv3K2XBaoyH2cTnocQEu8AOZ60hPbsyukMPLv5/5qr7V1i8PLHdl6Zf87I+xZXFvPCXYjiTFq+YSDQ=="],

    "@types/react": ["@types/react@19.1.13", "", { "dependencies": { "csstype": "^3.0.2" } }, "sha512-hHkbU/eoO3EG5/MZkuFSKmYqPbSVk5byPFa3e7y/8TybHiLMACgI8seVYlicwk7H5K/rI2px9xrQp/C+AUDTiQ=="],

    "bun-types": ["bun-types@1.2.22", "", { "dependencies": { "@types/node": "*" }, "peerDependencies": { "@types/react": "^19" } }, "sha512-hwaAu8tct/Zn6Zft4U9BsZcXkYomzpHJX28ofvx7k0Zz2HNz54n1n+tDgxoWFGB4PcFvJXJQloPhaV2eP3Q6EA=="],

    "csstype": ["csstype@3.1.3", "", {}, "sha512-M1uQkMl8rQK/szD0LNhtqxIPLpimGm8sOBwU7lLnCpSbTyY3yeU1Vc7l4KT5zT4s/yOxHH5O7tIuuLOCnLADRw=="],

    "fast-xml-parser": ["fast-xml-parser@5.3.0", "", { "dependencies": { "strnum": "^2.1.0" }, "bin": { "fxparser": "src/cli/cli.js" } }, "sha512-gkWGshjYcQCF+6qtlrqBqELqNqnt4CxruY6UVAWWnqb3DQ6qaNFEIKqzYep1XzHLM/QtrHVCxyPOtTk4LTQ7Aw=="],

    "strnum": ["strnum@2.1.1", "", {}, "sha512-7ZvoFTiCnGxBtDqJ//Cu6fWtZtc7Y3x+QOirG15wztbdngGSkht27o2pyGWrVy0b4WAy3jbKmnoK6g5VlVNUUw=="],

    "typescript": ["typescript@5.9.2", "", { "bin": { "tsc": "bin/tsc", "tsserver": "bin/tsserver" } }, "sha512-CWBzXQrc/qOkhidw1OzBTQuYRbfyxDXJMVJ1XNwUHGROVmuaeiEm3OslpZ1RV96d7SKKjZKrSJu3+t/xlw3R9A=="],

    "undici-types": ["undici-types@7.12.0", "", {}, "sha512-goOacqME2GYyOZZfb5Lgtu+1IDmAlAEu5xnD3+xTzS10hT0vzpf0SPjkXwAw9Jm+4n/mQGDP3LO8CPbYROeBfQ=="],
  }
}
